<?xml version="1.0" encoding="utf-8"?>
<Project ToolsVersion="4.0" xmlns="http://schemas.microsoft.com/developer/msbuild/2003">
  <ItemGroup>
    <Filter Include="99.Defines">
      <UniqueIdentifier>{bf112699-e702-4df1-b3aa-bf3b7c1a7adf}</UniqueIdentifier>
    </Filter>
    <Filter Include="00.System">
      <UniqueIdentifier>{a2c433fe-8790-4812-92d5-1882c3ff4df8}</UniqueIdentifier>
    </Filter>
    <Filter Include="01.Utility">
      <UniqueIdentifier>{1c27210a-1ade-41c7-8aeb-65780d5d4bd1}</UniqueIdentifier>
    </Filter>
    <Filter Include="01.Utility\99.SuperClass">
      <UniqueIdentifier>{9402a328-0d9d-4441-8097-7bd4383d5f65}</UniqueIdentifier>
    </Filter>
    <Filter Include="01.Utility\99.SuperClass\Base">
      <UniqueIdentifier>{b5a31b99-f315-4766-9a7c-3f3bfd77102b}</UniqueIdentifier>
    </Filter>
    <Filter Include="00.System\00.Timer">
      <UniqueIdentifier>{610e4bba-fe63-4c42-9b8d-8fd3acfe7430}</UniqueIdentifier>
    </Filter>
    <Filter Include="00.System\00.Timer\Manager">
      <UniqueIdentifier>{f08904ae-ac91-42ee-b296-5a12281b5228}</UniqueIdentifier>
    </Filter>
    <Filter Include="01.Utility\00.GameInstance">
      <UniqueIdentifier>{90462bf8-4eeb-4625-a85d-91fe2b62733f}</UniqueIdentifier>
    </Filter>
    <Filter Include="01.Utility\01.Level">
      <UniqueIdentifier>{00c9fea6-7551-4c23-aa9d-acaf44595a00}</UniqueIdentifier>
    </Filter>
    <Filter Include="01.Utility\01.Level\Manager">
      <UniqueIdentifier>{cccad76a-2b4c-4d98-9772-8758e410f80a}</UniqueIdentifier>
    </Filter>
    <Filter Include="01.Utility\02.Prototype">
      <UniqueIdentifier>{0cfcb9a5-4784-4b7b-be54-1c0c21a2b209}</UniqueIdentifier>
    </Filter>
    <Filter Include="01.Utility\02.Prototype\Manager">
      <UniqueIdentifier>{b65fed66-4690-45b7-a3ec-0e2c27338ec0}</UniqueIdentifier>
    </Filter>
    <Filter Include="01.Utility\03.GameObject">
      <UniqueIdentifier>{6bb28764-6c91-4523-9dee-439a27257fb7}</UniqueIdentifier>
    </Filter>
    <Filter Include="01.Utility\03.GameObject\Manager">
      <UniqueIdentifier>{16732548-51c2-490e-be91-e961d1bff4dc}</UniqueIdentifier>
    </Filter>
    <Filter Include="01.Utility\03.GameObject\Manager\Layer">
      <UniqueIdentifier>{33438753-0b63-474d-a547-0c809a2895d6}</UniqueIdentifier>
    </Filter>
    <Filter Include="01.Utility\04.Components">
      <UniqueIdentifier>{119afc19-98cd-4fa2-b8df-77dbe21de31c}</UniqueIdentifier>
    </Filter>
    <Filter Include="01.Utility\04.Components\Transform">
      <UniqueIdentifier>{783342b4-aaf5-4d56-843a-87fef582ea72}</UniqueIdentifier>
    </Filter>
    <Filter Include="01.Utility\04.Components\Texture">
      <UniqueIdentifier>{35ae4695-e762-440b-acab-336c27961ec5}</UniqueIdentifier>
    </Filter>
    <Filter Include="01.Utility\04.Components\VIBuffer">
      <UniqueIdentifier>{f054c8be-3d0b-4a57-ab38-061d04c3096d}</UniqueIdentifier>
    </Filter>
    <Filter Include="01.Utility\04.Components\VIBuffer\Rect">
      <UniqueIdentifier>{6138b6e1-83f5-451c-a132-19fcef259abc}</UniqueIdentifier>
    </Filter>
    <Filter Include="01.Utility\04.Components\VIBuffer\Cube">
      <UniqueIdentifier>{f3e18f04-6567-4322-931a-2524441ea1af}</UniqueIdentifier>
    </Filter>
    <Filter Include="01.Utility\04.Components\VIBuffer\Terrain">
      <UniqueIdentifier>{0aa44e8a-cee6-471f-ab7a-4db7fe234168}</UniqueIdentifier>
    </Filter>
    <Filter Include="01.Utility\04.Components\Shader">
      <UniqueIdentifier>{4262d116-b1ef-4b8b-93e2-3b8996cce40a}</UniqueIdentifier>
    </Filter>
    <Filter Include="01.Utility\03.GameObject\UIObject">
      <UniqueIdentifier>{c060d630-47a9-4ef4-a619-fb3cdaf0a939}</UniqueIdentifier>
    </Filter>
    <Filter Include="01.Utility\03.GameObject\Camera">
      <UniqueIdentifier>{df28068f-9295-4485-9af7-8761b1e34d94}</UniqueIdentifier>
    </Filter>
    <Filter Include="01.Utility\05.Renderer">
      <UniqueIdentifier>{21d7d971-0aee-4eaa-8c5f-84ff8290d541}</UniqueIdentifier>
    </Filter>
    <Filter Include="01.Utility\06.PipeLine">
      <UniqueIdentifier>{cc1e09ee-bc93-4625-a5fd-c36dad542f25}</UniqueIdentifier>
    </Filter>
    <Filter Include="01.Utility\07.Lights">
      <UniqueIdentifier>{b6dd8922-2193-4d7b-b424-0fb05af2393e}</UniqueIdentifier>
    </Filter>
    <Filter Include="01.Utility\07.Lights\Manager">
      <UniqueIdentifier>{c891a6ae-006b-4d40-9a57-d1c211d7ca8c}</UniqueIdentifier>
    </Filter>
    <Filter Include="01.Utility\04.Components\Model">
      <UniqueIdentifier>{b19cc8fd-7384-41b8-94ab-9f0760fbc6c7}</UniqueIdentifier>
    </Filter>
    <Filter Include="01.Utility\04.Components\Model\Mesh">
      <UniqueIdentifier>{9a64cb1e-b03a-494f-b084-ade95f45525d}</UniqueIdentifier>
    </Filter>
    <Filter Include="01.Utility\04.Components\Model\Material">
      <UniqueIdentifier>{f423bc36-4e1f-42bf-8665-1f9d3576c2f2}</UniqueIdentifier>
    </Filter>
    <Filter Include="01.Utility\04.Components\Model\Bone">
      <UniqueIdentifier>{f12c53aa-a1c0-4243-8108-76d981a6eb95}</UniqueIdentifier>
    </Filter>
    <Filter Include="01.Utility\04.Components\Model\Animation">
      <UniqueIdentifier>{179e06ce-99e4-4b4e-afb0-6804f8575c33}</UniqueIdentifier>
    </Filter>
    <Filter Include="01.Utility\04.Components\Model\Animation\Channel">
      <UniqueIdentifier>{294445cd-0fb1-422b-8657-d08867ee8a31}</UniqueIdentifier>
    </Filter>
    <Filter Include="01.Utility\03.GameObject\Container">
      <UniqueIdentifier>{e8c61c64-9914-42c8-ac23-c556bf66f0b1}</UniqueIdentifier>
    </Filter>
    <Filter Include="01.Utility\03.GameObject\Container\Part">
      <UniqueIdentifier>{b69cdee1-a03d-4ea9-9f49-c0f20272c4d5}</UniqueIdentifier>
    </Filter>
    <Filter Include="01.Utility\04.Components\VIBuffer\Cell">
      <UniqueIdentifier>{8c2065e1-c95c-49a8-9344-90e24f23e731}</UniqueIdentifier>
    </Filter>
    <Filter Include="01.Utility\04.Components\Navigation">
      <UniqueIdentifier>{ba19951c-21d0-4514-b1f5-999853c14087}</UniqueIdentifier>
    </Filter>
    <Filter Include="01.Utility\04.Components\Navigation\Cell">
      <UniqueIdentifier>{f7d1578e-9c43-4833-b019-c9c86b846276}</UniqueIdentifier>
    </Filter>
    <Filter Include="00.System\01.Device">
      <UniqueIdentifier>{67cfe3e2-f2ab-4828-97cb-3ed2ffc7050f}</UniqueIdentifier>
    </Filter>
    <Filter Include="00.System\01.Device\Graphic">
      <UniqueIdentifier>{ddba6356-3bd2-4e37-aee3-d720b192747d}</UniqueIdentifier>
    </Filter>
    <Filter Include="00.System\01.Device\Input">
      <UniqueIdentifier>{1627a9b0-2cb6-48ae-b97f-16edc186f07c}</UniqueIdentifier>
    </Filter>
    <Filter Include="98.ShaderFile">
      <UniqueIdentifier>{01c9f651-48c8-4b45-a4e5-c14410ef7e0d}</UniqueIdentifier>
    </Filter>
    <Filter Include="01.Utility\04.Components\Collider">
      <UniqueIdentifier>{703469e4-009b-4d91-8d99-01eec0c32ae4}</UniqueIdentifier>
    </Filter>
    <Filter Include="01.Utility\04.Components\Collider\DebugDraw">
      <UniqueIdentifier>{6192c4d8-29f7-47fe-8d99-63e360bf245c}</UniqueIdentifier>
    </Filter>
    <Filter Include="01.Utility\04.Components\Collider\Bounding">
      <UniqueIdentifier>{ce9be055-df7c-415b-b135-67b5f3d18c99}</UniqueIdentifier>
    </Filter>
    <Filter Include="01.Utility\04.Components\Collider\Bounding\AABB">
      <UniqueIdentifier>{96baecd4-7c7a-4cc0-969c-0e0cab2a0560}</UniqueIdentifier>
    </Filter>
    <Filter Include="01.Utility\04.Components\Collider\Bounding\OBB">
      <UniqueIdentifier>{981ec704-9462-4186-88aa-eb3ec75c4cbf}</UniqueIdentifier>
    </Filter>
    <Filter Include="01.Utility\04.Components\Collider\Bounding\Sphere">
      <UniqueIdentifier>{70e2f205-268d-4c0b-9100-0370e509b324}</UniqueIdentifier>
    </Filter>
    <Filter Include="01.Utility\04.Components\VIBuffer\Particle_Instancing">
      <UniqueIdentifier>{7c2812b2-bfbb-4a74-8f56-960d28b4639d}</UniqueIdentifier>
    </Filter>
    <Filter Include="01.Utility\04.Components\VIBuffer\Particle_Instancing\Point">
      <UniqueIdentifier>{157ef333-7165-4200-b813-bc6f3426bd78}</UniqueIdentifier>
    </Filter>
    <Filter Include="01.Utility\04.Components\VIBuffer\Particle_Instancing\Rect">
      <UniqueIdentifier>{c4406f44-ae9b-4401-a236-e93107b6397e}</UniqueIdentifier>
    </Filter>
    <Filter Include="01.Utility\09.RenderTargets">
      <UniqueIdentifier>{d63a1112-55b4-44c4-acf1-5f3117236242}</UniqueIdentifier>
    </Filter>
    <Filter Include="01.Utility\09.RenderTargets\Manager">
      <UniqueIdentifier>{d341eddf-302e-4756-90ed-b1be223d8f40}</UniqueIdentifier>
    </Filter>
    <Filter Include="01.Utility\04.Components\Collider\Manager">
      <UniqueIdentifier>{36bd87d5-7bf1-42c2-bed9-d0efb4537346}</UniqueIdentifier>
    </Filter>
    <Filter Include="01.Utility\10.EventMgr">
      <UniqueIdentifier>{2472ea5d-8a21-4898-8a09-f5ec1a4b1a1e}</UniqueIdentifier>
    </Filter>
    <Filter Include="01.Utility\10.EventMgr\Event">
      <UniqueIdentifier>{2376394b-8aa5-44dc-b6a3-e82ddedf669d}</UniqueIdentifier>
    </Filter>
    <Filter Include="01.Utility\04.Components\VIBuffer\SwordTrail_Buffer">
      <UniqueIdentifier>{5e958745-57af-411b-be17-ac4355239ef4}</UniqueIdentifier>
    </Filter>
    <Filter Include="01.Utility\04.Components\VIBuffer\Particle_Instancing\Mesh">
      <UniqueIdentifier>{75b6adc3-b08e-4c6d-a099-f03f0a65b77e}</UniqueIdentifier>
    </Filter>
    <Filter Include="01.Utility\12.SoundMgr">
      <UniqueIdentifier>{487f0ee8-a578-4c67-8a83-15f3de81e8a5}</UniqueIdentifier>
    </Filter>
    <Filter Include="01.Utility\13.Fonts">
      <UniqueIdentifier>{c8d023b4-2440-4a91-bb69-249cd777537d}</UniqueIdentifier>
    </Filter>
    <Filter Include="01.Utility\13.Fonts\Manager">
      <UniqueIdentifier>{c72bfc6c-30d7-4911-a471-5d2d7b337c25}</UniqueIdentifier>
    </Filter>
    <Filter Include="01.Utility\14.Frustum">
      <UniqueIdentifier>{ccacecb5-1128-45ea-9470-f665059375fe}</UniqueIdentifier>
    </Filter>
    <Filter Include="01.Utility\04.Components\VIBuffer\Particle_Instancing\Rect\Effect_Rect_Instancing">
      <UniqueIdentifier>{84be825d-6565-4df3-bd9d-352114bfffca}</UniqueIdentifier>
    </Filter>
    <Filter Include="01.Utility\15.ItemMgr">
      <UniqueIdentifier>{325b232e-75f6-48de-9a18-fde3bd5cbc8a}</UniqueIdentifier>
    </Filter>
    <Filter Include="01.Utility\16.Shadow">
      <UniqueIdentifier>{d1569483-9abc-474e-a615-b717d755ec66}</UniqueIdentifier>
    </Filter>
    <Filter Include="01.Utility\04.Components\VIBuffer\Particle_Instancing\Point\Sprite_Particle">
      <UniqueIdentifier>{f63cf44a-10c2-4932-afa1-60f296df041f}</UniqueIdentifier>
    </Filter>
    <Filter Include="01.Utility\03.GameObject\UIObject\Manager">
      <UniqueIdentifier>{98690c11-6f33-403b-b941-9d14c4f5afac}</UniqueIdentifier>
    </Filter>
    <Filter Include="01.Utility\03.GameObject\UIObject\ThymesiaUI">
      <UniqueIdentifier>{84a388bb-0c1e-4dee-9616-ec6c62ff6a1d}</UniqueIdentifier>
    </Filter>
    <Filter Include="01.Utility\03.GameObject\UIObject\Manager\Scene">
      <UniqueIdentifier>{f985bcbe-ebaf-45c2-af03-32d1dc7626dd}</UniqueIdentifier>
    </Filter>
    <Filter Include="01.Utility\03.GameObject\UIObject\ThymesiaUI\Button">
      <UniqueIdentifier>{4d69bb82-5fdf-4611-aa65-41272535b9be}</UniqueIdentifier>
    </Filter>
    <Filter Include="01.Utility\03.GameObject\UIObject\ThymesiaUI\Image">
      <UniqueIdentifier>{c2627154-b95a-4f91-8cec-5d59f909145b}</UniqueIdentifier>
    </Filter>
    <Filter Include="01.Utility\03.GameObject\UIObject\ThymesiaUI\Text">
      <UniqueIdentifier>{acb5095f-41e7-49f8-91fe-dd0d79a4a165}</UniqueIdentifier>
    </Filter>
    <Filter Include="01.Utility\04.Components\VIBuffer\Compute_Particle">
      <UniqueIdentifier>{9f347dca-b9e8-46c9-bc5a-5b9d3b0d4bda}</UniqueIdentifier>
    </Filter>
    <Filter Include="01.Utility\04.Components\Shader\Shader_Compute">
      <UniqueIdentifier>{f47fc5af-441c-4c3e-8d33-521cddb0f31d}</UniqueIdentifier>
    </Filter>
    <Filter Include="01.Utility\98.PhysX">
      <UniqueIdentifier>{170fe153-ff8b-451a-ab52-308d961ecd5b}</UniqueIdentifier>
    </Filter>
    <Filter Include="01.Utility\98.PhysX\Manager">
      <UniqueIdentifier>{f5e3571f-e18e-46aa-9d66-372aadcbef35}</UniqueIdentifier>
    </Filter>
    <Filter Include="01.Utility\98.PhysX\SimulationEvent">
      <UniqueIdentifier>{628f9b75-f34f-4509-b964-4edde1fe3ba8}</UniqueIdentifier>
    </Filter>
    <Filter Include="01.Utility\17.TriggerMgr">
      <UniqueIdentifier>{6dc9cd5f-7a91-4c7b-88a9-96b9af3ea003}</UniqueIdentifier>
    </Filter>
    <Filter Include="01.Utility\17.TriggerMgr\TriggerManager">
      <UniqueIdentifier>{ab095f23-d85a-4ce5-9262-560fbcc70c66}</UniqueIdentifier>
    </Filter>
    <Filter Include="01.Utility\15.ItemMgr\ItemManager">
      <UniqueIdentifier>{d0112355-af11-4688-a1c0-7e1f2361956c}</UniqueIdentifier>
    </Filter>
    <Filter Include="01.Utility\11.Effect">
      <UniqueIdentifier>{3789783c-80d6-43e5-a633-bdbf20239c08}</UniqueIdentifier>
    </Filter>
    <Filter Include="01.Utility\11.Effect\Manager">
      <UniqueIdentifier>{a7943271-11ec-45cb-903a-e70432608afb}</UniqueIdentifier>
    </Filter>
    <Filter Include="01.Utility\07.Lights\Static_Light">
      <UniqueIdentifier>{d7aeb7eb-542a-494e-93c3-68cc0a5f16c3}</UniqueIdentifier>
    </Filter>
    <Filter Include="01.Utility\07.Lights\Dynamic_Light">
      <UniqueIdentifier>{c69c4d79-843a-4a60-b569-d8f8c3376dad}</UniqueIdentifier>
    </Filter>
    <Filter Include="01.Utility\04.Components\Shader\Shader_Compute_Deferred">
      <UniqueIdentifier>{054f64e6-f379-4ba8-a5e1-9035ea37b636}</UniqueIdentifier>
    </Filter>
    <Filter Include="01.Utility\03.GameObject\Monster">
      <UniqueIdentifier>{c4ceb72b-c777-40a8-8d1f-7f99281c92b8}</UniqueIdentifier>
    </Filter>
    <Filter Include="01.Utility\03.GameObject\Monster\Manager">
      <UniqueIdentifier>{2dae4abb-d6b3-4ddf-b05b-c1f2f88dfb45}</UniqueIdentifier>
    </Filter>
    <Filter Include="01.Utility\03.GameObject\Projectile">
      <UniqueIdentifier>{beb5e096-fc1a-4a65-a7cd-eba789490202}</UniqueIdentifier>
    </Filter>
    <Filter Include="01.Utility\03.GameObject\Projectile\Manager">
      <UniqueIdentifier>{6eb7f0c3-61ab-411b-bf38-7a9b016ea1fe}</UniqueIdentifier>
    </Filter>
    <Filter Include="01.Utility\04.Components\Navigation\Edge_Cell">
      <UniqueIdentifier>{2f47a9eb-61b0-49db-89b6-8644f4a978d0}</UniqueIdentifier>
    </Filter>
    <Filter Include="01.Utility\04.Components\VIBuffer\EdgeCell">
      <UniqueIdentifier>{9f8079ec-a35b-4399-826a-bdce903704fd}</UniqueIdentifier>
    </Filter>
    <Filter Include="01.Utility\18.Ripple">
      <UniqueIdentifier>{6edf93ca-1935-4bda-9872-c122069ecc97}</UniqueIdentifier>
    </Filter>
  </ItemGroup>
  <ItemGroup>
    <ClInclude Include="..\Public\Engine_Defines.h">
      <Filter>99.Defines</Filter>
    </ClInclude>
    <ClInclude Include="..\public\Base.h">
      <Filter>01.Utility\99.SuperClass\Base</Filter>
    </ClInclude>
    <ClInclude Include="..\Public\Engine_Macro.h">
      <Filter>99.Defines</Filter>
    </ClInclude>
    <ClInclude Include="..\Public\Engine_Struct.h">
      <Filter>99.Defines</Filter>
    </ClInclude>
    <ClInclude Include="..\Public\Engine_Typedef.h">
      <Filter>99.Defines</Filter>
    </ClInclude>
    <ClInclude Include="..\Public\Engine_Function.h">
      <Filter>99.Defines</Filter>
    </ClInclude>
    <ClInclude Include="..\Public\Timer.h">
      <Filter>00.System\00.Timer</Filter>
    </ClInclude>
    <ClInclude Include="..\Public\Timer_Manager.h">
      <Filter>00.System\00.Timer\Manager</Filter>
    </ClInclude>
    <ClInclude Include="..\public\GameInstance.h">
      <Filter>01.Utility\00.GameInstance</Filter>
    </ClInclude>
    <ClInclude Include="..\Public\Graphic_Device.h">
      <Filter>00.System\01.Device\Graphic</Filter>
    </ClInclude>
    <ClInclude Include="..\public\Level_Manager.h">
      <Filter>01.Utility\01.Level\Manager</Filter>
    </ClInclude>
    <ClInclude Include="..\public\Level.h">
      <Filter>01.Utility\01.Level</Filter>
    </ClInclude>
    <ClInclude Include="..\public\Prototype_Manager.h">
      <Filter>01.Utility\02.Prototype\Manager</Filter>
    </ClInclude>
    <ClInclude Include="..\public\Object_Manager.h">
      <Filter>01.Utility\03.GameObject\Manager</Filter>
    </ClInclude>
    <ClInclude Include="..\public\Layer.h">
      <Filter>01.Utility\03.GameObject\Manager\Layer</Filter>
    </ClInclude>
    <ClInclude Include="..\public\GameObject.h">
      <Filter>01.Utility\03.GameObject</Filter>
    </ClInclude>
    <ClInclude Include="..\public\Renderer.h">
      <Filter>01.Utility\05.Renderer</Filter>
    </ClInclude>
    <ClInclude Include="..\public\Component.h">
      <Filter>01.Utility\04.Components</Filter>
    </ClInclude>
    <ClInclude Include="..\public\Transform.h">
      <Filter>01.Utility\04.Components\Transform</Filter>
    </ClInclude>
    <ClInclude Include="..\public\Texture.h">
      <Filter>01.Utility\04.Components\Texture</Filter>
    </ClInclude>
    <ClInclude Include="..\public\VIBuffer.h">
      <Filter>01.Utility\04.Components\VIBuffer</Filter>
    </ClInclude>
    <ClInclude Include="..\public\VIBuffer_Rect.h">
      <Filter>01.Utility\04.Components\VIBuffer\Rect</Filter>
    </ClInclude>
    <ClInclude Include="..\public\Shader.h">
      <Filter>01.Utility\04.Components\Shader</Filter>
    </ClInclude>
    <ClInclude Include="..\public\UIObject.h">
      <Filter>01.Utility\03.GameObject\UIObject</Filter>
    </ClInclude>
    <ClInclude Include="..\Public\VIBuffer_Terrain.h">
      <Filter>01.Utility\04.Components\VIBuffer\Terrain</Filter>
    </ClInclude>
    <ClInclude Include="..\public\Camera.h">
      <Filter>01.Utility\03.GameObject\Camera</Filter>
    </ClInclude>
    <ClInclude Include="..\public\PipeLine.h">
      <Filter>01.Utility\06.PipeLine</Filter>
    </ClInclude>
    <ClInclude Include="..\Public\Input_Device.h">
      <Filter>00.System\01.Device\Input</Filter>
    </ClInclude>
    <ClInclude Include="..\public\Light_Manager.h">
      <Filter>01.Utility\07.Lights\Manager</Filter>
    </ClInclude>
    <ClInclude Include="..\public\Model.h">
      <Filter>01.Utility\04.Components\Model</Filter>
    </ClInclude>
    <ClInclude Include="..\public\Mesh.h">
      <Filter>01.Utility\04.Components\Model\Mesh</Filter>
    </ClInclude>
    <ClInclude Include="..\public\Material.h">
      <Filter>01.Utility\04.Components\Model\Material</Filter>
    </ClInclude>
    <ClInclude Include="..\public\Bone.h">
      <Filter>01.Utility\04.Components\Model\Bone</Filter>
    </ClInclude>
    <ClInclude Include="..\public\Animation.h">
      <Filter>01.Utility\04.Components\Model\Animation</Filter>
    </ClInclude>
    <ClInclude Include="..\public\Channel.h">
      <Filter>01.Utility\04.Components\Model\Animation\Channel</Filter>
    </ClInclude>
    <ClInclude Include="..\public\ContainerObject.h">
      <Filter>01.Utility\03.GameObject\Container</Filter>
    </ClInclude>
    <ClInclude Include="..\public\PartObject.h">
      <Filter>01.Utility\03.GameObject\Container\Part</Filter>
    </ClInclude>
    <ClInclude Include="..\public\VIBuffer_Cell.h">
      <Filter>01.Utility\04.Components\VIBuffer\Cell</Filter>
    </ClInclude>
    <ClInclude Include="..\public\Navigation.h">
      <Filter>01.Utility\04.Components\Navigation</Filter>
    </ClInclude>
    <ClInclude Include="..\public\Cell.h">
      <Filter>01.Utility\04.Components\Navigation\Cell</Filter>
    </ClInclude>
    <ClInclude Include="..\public\Collider.h">
      <Filter>01.Utility\04.Components\Collider</Filter>
    </ClInclude>
    <ClInclude Include="..\Public\DebugDraw.h">
      <Filter>01.Utility\04.Components\Collider\DebugDraw</Filter>
    </ClInclude>
    <ClInclude Include="..\public\Bounding_AABB.h">
      <Filter>01.Utility\04.Components\Collider\Bounding\AABB</Filter>
    </ClInclude>
    <ClInclude Include="..\public\Bounding.h">
      <Filter>01.Utility\04.Components\Collider\Bounding</Filter>
    </ClInclude>
    <ClInclude Include="..\public\Bounding_OBB.h">
      <Filter>01.Utility\04.Components\Collider\Bounding\OBB</Filter>
    </ClInclude>
    <ClInclude Include="..\public\Bounding_Sphere.h">
      <Filter>01.Utility\04.Components\Collider\Bounding\Sphere</Filter>
    </ClInclude>
    <ClInclude Include="..\public\VIBuffer_Particle_Instancing.h">
      <Filter>01.Utility\04.Components\VIBuffer\Particle_Instancing</Filter>
    </ClInclude>
    <ClInclude Include="..\public\VIBuffer_Rect_Instancing.h">
      <Filter>01.Utility\04.Components\VIBuffer\Particle_Instancing\Rect</Filter>
    </ClInclude>
    <ClInclude Include="..\public\VIBuffer_Point_Instancing.h">
      <Filter>01.Utility\04.Components\VIBuffer\Particle_Instancing\Point</Filter>
    </ClInclude>
    <ClInclude Include="..\public\RenderTarget.h">
      <Filter>01.Utility\09.RenderTargets</Filter>
    </ClInclude>
    <ClInclude Include="..\public\Target_Manager.h">
      <Filter>01.Utility\09.RenderTargets\Manager</Filter>
    </ClInclude>
    <ClInclude Include="..\public\VIBuffer_Cube.h">
      <Filter>01.Utility\04.Components\VIBuffer\Cube</Filter>
    </ClInclude>
    <ClInclude Include="..\public\CollisionMgr.h">
      <Filter>01.Utility\04.Components\Collider\Manager</Filter>
    </ClInclude>
    <ClInclude Include="..\public\EventMgr.h">
      <Filter>01.Utility\10.EventMgr</Filter>
    </ClInclude>
    <ClInclude Include="..\public\Event.h">
      <Filter>01.Utility\10.EventMgr\Event</Filter>
    </ClInclude>
    <ClInclude Include="..\public\SwordTrail_Buffer.h">
      <Filter>01.Utility\04.Components\VIBuffer\SwordTrail_Buffer</Filter>
    </ClInclude>
    <ClInclude Include="..\public\VIBuffer_Mesh_Instancing.h">
      <Filter>01.Utility\04.Components\VIBuffer\Particle_Instancing\Mesh</Filter>
    </ClInclude>
    <ClInclude Include="..\public\SoundMgr.h">
      <Filter>01.Utility\12.SoundMgr</Filter>
    </ClInclude>
    <ClInclude Include="..\public\Font_Manager.h">
      <Filter>01.Utility\13.Fonts\Manager</Filter>
    </ClInclude>
    <ClInclude Include="..\public\CustomFont.h">
      <Filter>01.Utility\13.Fonts</Filter>
    </ClInclude>
    <ClInclude Include="..\public\Frustum.h">
      <Filter>01.Utility\14.Frustum</Filter>
    </ClInclude>
    <ClInclude Include="..\public\VIBuffer_Effect_Rect_Instancing.h">
      <Filter>01.Utility\04.Components\VIBuffer\Particle_Instancing\Rect\Effect_Rect_Instancing</Filter>
    </ClInclude>
    <ClInclude Include="..\public\Shadow.h">
      <Filter>01.Utility\16.Shadow</Filter>
    </ClInclude>
    <ClInclude Include="..\Public\UI_Button.h">
      <Filter>01.Utility\03.GameObject\UIObject\ThymesiaUI\Button</Filter>
    </ClInclude>
    <ClInclude Include="..\Public\UI_Image.h">
      <Filter>01.Utility\03.GameObject\UIObject\ThymesiaUI\Image</Filter>
    </ClInclude>
    <ClInclude Include="..\Public\UI_Manager.h">
      <Filter>01.Utility\03.GameObject\UIObject\Manager</Filter>
    </ClInclude>
    <ClInclude Include="..\Public\UI_Scene.h">
      <Filter>01.Utility\03.GameObject\UIObject\Manager\Scene</Filter>
    </ClInclude>
    <ClInclude Include="..\Public\VIBuffer_Point_Compute.h">
      <Filter>01.Utility\04.Components\VIBuffer\Compute_Particle</Filter>
    </ClInclude>
    <ClInclude Include="..\Public\Shader_Compute.h">
      <Filter>01.Utility\04.Components\Shader\Shader_Compute</Filter>
    </ClInclude>
    <ClInclude Include="..\Public\UI_Text.h">
      <Filter>01.Utility\03.GameObject\UIObject\ThymesiaUI\Text</Filter>
    </ClInclude>
    <ClInclude Include="..\public\PhysX_Manager.h">
      <Filter>01.Utility\98.PhysX\Manager</Filter>
    </ClInclude>
    <ClInclude Include="..\public\PhysX_SimulationEventCallBack.h">
      <Filter>01.Utility\98.PhysX\SimulationEvent</Filter>
    </ClInclude>
    <ClInclude Include="..\Public\TriggerManager.h">
      <Filter>01.Utility\17.TriggerMgr\TriggerManager</Filter>
    </ClInclude>
    <ClInclude Include="..\Public\Trigger.h">
      <Filter>01.Utility\17.TriggerMgr</Filter>
    </ClInclude>
    <ClInclude Include="..\public\ItemMgr.h">
      <Filter>01.Utility\15.ItemMgr\ItemManager</Filter>
    </ClInclude>
    <ClInclude Include="..\Public\Item.h">
      <Filter>01.Utility\15.ItemMgr</Filter>
    </ClInclude>
    <ClInclude Include="..\public\EffectMgr.h">
      <Filter>01.Utility\11.Effect\Manager</Filter>
    </ClInclude>
    <ClInclude Include="..\Public\Effect.h">
      <Filter>01.Utility\11.Effect</Filter>
    </ClInclude>
    <ClInclude Include="..\Public\Shader_Compute_Deferred.h">
      <Filter>01.Utility\04.Components\Shader\Shader_Compute_Deferred</Filter>
    </ClInclude>
    <ClInclude Include="..\public\Light.h">
      <Filter>01.Utility\07.Lights\Static_Light</Filter>
    </ClInclude>
    <ClInclude Include="..\Public\Light_Dynamic.h">
      <Filter>01.Utility\07.Lights\Dynamic_Light</Filter>
    </ClInclude>
    <ClInclude Include="..\Public\Monster_Manager.h">
      <Filter>01.Utility\03.GameObject\Monster\Manager</Filter>
    </ClInclude>
    <ClInclude Include="..\Public\Monster.h">
      <Filter>01.Utility\03.GameObject\Monster</Filter>
    </ClInclude>
    <ClInclude Include="..\Public\Projectile.h">
      <Filter>01.Utility\03.GameObject\Projectile</Filter>
    </ClInclude>
    <ClInclude Include="..\Public\Projectile_Manager.h">
      <Filter>01.Utility\03.GameObject\Projectile\Manager</Filter>
    </ClInclude>
    <ClInclude Include="..\public\Edge_Cell.h">
      <Filter>01.Utility\04.Components\Navigation\Edge_Cell</Filter>
    </ClInclude>
    <ClInclude Include="..\public\VIBuffer_Edge_Cell.h">
      <Filter>01.Utility\04.Components\VIBuffer\EdgeCell</Filter>
    </ClInclude>
    <ClInclude Include="..\Public\RippleManager.h">
      <Filter>01.Utility\18.Ripple</Filter>
    </ClInclude>
    <ClInclude Include="..\Public\Engine_Enum.h">
      <Filter>99.Defines</Filter>
    </ClInclude>
  </ItemGroup>
  <ItemGroup>
    <ClCompile Include="..\private\Base.cpp">
      <Filter>01.Utility\99.SuperClass\Base</Filter>
    </ClCompile>
    <ClCompile Include="..\Private\Timer.cpp">
      <Filter>00.System\00.Timer</Filter>
    </ClCompile>
    <ClCompile Include="..\Private\Timer_Manager.cpp">
      <Filter>00.System\00.Timer\Manager</Filter>
    </ClCompile>
    <ClCompile Include="..\private\GameInstance.cpp">
      <Filter>01.Utility\00.GameInstance</Filter>
    </ClCompile>
    <ClCompile Include="..\Private\Graphic_Device.cpp">
      <Filter>00.System\01.Device\Graphic</Filter>
    </ClCompile>
    <ClCompile Include="..\private\Level_Manager.cpp">
      <Filter>01.Utility\01.Level\Manager</Filter>
    </ClCompile>
    <ClCompile Include="..\private\Level.cpp">
      <Filter>01.Utility\01.Level</Filter>
    </ClCompile>
    <ClCompile Include="..\private\Prototype_Manager.cpp">
      <Filter>01.Utility\02.Prototype\Manager</Filter>
    </ClCompile>
    <ClCompile Include="..\private\Object_Manager.cpp">
      <Filter>01.Utility\03.GameObject\Manager</Filter>
    </ClCompile>
    <ClCompile Include="..\private\Layer.cpp">
      <Filter>01.Utility\03.GameObject\Manager\Layer</Filter>
    </ClCompile>
    <ClCompile Include="..\private\GameObject.cpp">
      <Filter>01.Utility\03.GameObject</Filter>
    </ClCompile>
    <ClCompile Include="..\private\Renderer.cpp">
      <Filter>01.Utility\05.Renderer</Filter>
    </ClCompile>
    <ClCompile Include="..\private\Component.cpp">
      <Filter>01.Utility\04.Components</Filter>
    </ClCompile>
    <ClCompile Include="..\private\Transform.cpp">
      <Filter>01.Utility\04.Components\Transform</Filter>
    </ClCompile>
    <ClCompile Include="..\Private\Texture.cpp">
      <Filter>01.Utility\04.Components\Texture</Filter>
    </ClCompile>
    <ClCompile Include="..\private\VIBuffer.cpp">
      <Filter>01.Utility\04.Components\VIBuffer</Filter>
    </ClCompile>
    <ClCompile Include="..\private\VIBuffer_Rect.cpp">
      <Filter>01.Utility\04.Components\VIBuffer\Rect</Filter>
    </ClCompile>
    <ClCompile Include="..\private\Shader.cpp">
      <Filter>01.Utility\04.Components\Shader</Filter>
    </ClCompile>
    <ClCompile Include="..\Public\Engine_Struct.cpp">
      <Filter>99.Defines</Filter>
    </ClCompile>
    <ClCompile Include="..\Private\VIBuffer_Terrain.cpp">
      <Filter>01.Utility\04.Components\VIBuffer\Terrain</Filter>
    </ClCompile>
    <ClCompile Include="..\private\Camera.cpp">
      <Filter>01.Utility\03.GameObject\Camera</Filter>
    </ClCompile>
    <ClCompile Include="..\private\PipeLine.cpp">
      <Filter>01.Utility\06.PipeLine</Filter>
    </ClCompile>
    <ClCompile Include="..\Private\Input_Device.cpp">
      <Filter>00.System\01.Device\Input</Filter>
    </ClCompile>
    <ClCompile Include="..\private\Light_Manager.cpp">
      <Filter>01.Utility\07.Lights\Manager</Filter>
    </ClCompile>
    <ClCompile Include="..\private\Model.cpp">
      <Filter>01.Utility\04.Components\Model</Filter>
    </ClCompile>
    <ClCompile Include="..\private\Mesh.cpp">
      <Filter>01.Utility\04.Components\Model\Mesh</Filter>
    </ClCompile>
    <ClCompile Include="..\private\Material.cpp">
      <Filter>01.Utility\04.Components\Model\Material</Filter>
    </ClCompile>
    <ClCompile Include="..\private\Bone.cpp">
      <Filter>01.Utility\04.Components\Model\Bone</Filter>
    </ClCompile>
    <ClCompile Include="..\private\Animation.cpp">
      <Filter>01.Utility\04.Components\Model\Animation</Filter>
    </ClCompile>
    <ClCompile Include="..\private\Channel.cpp">
      <Filter>01.Utility\04.Components\Model\Animation\Channel</Filter>
    </ClCompile>
    <ClCompile Include="..\private\ContainerObject.cpp">
      <Filter>01.Utility\03.GameObject\Container</Filter>
    </ClCompile>
    <ClCompile Include="..\private\PartObject.cpp">
      <Filter>01.Utility\03.GameObject\Container\Part</Filter>
    </ClCompile>
    <ClCompile Include="..\private\VIBuffer_Cell.cpp">
      <Filter>01.Utility\04.Components\VIBuffer\Cell</Filter>
    </ClCompile>
    <ClCompile Include="..\private\Navigation.cpp">
      <Filter>01.Utility\04.Components\Navigation</Filter>
    </ClCompile>
    <ClCompile Include="..\private\Cell.cpp">
      <Filter>01.Utility\04.Components\Navigation\Cell</Filter>
    </ClCompile>
    <ClCompile Include="..\private\Collider.cpp">
      <Filter>01.Utility\04.Components\Collider</Filter>
    </ClCompile>
    <ClCompile Include="..\Private\DebugDraw.cpp">
      <Filter>01.Utility\04.Components\Collider\DebugDraw</Filter>
    </ClCompile>
    <ClCompile Include="..\private\Bounding_AABB.cpp">
      <Filter>01.Utility\04.Components\Collider\Bounding\AABB</Filter>
    </ClCompile>
    <ClCompile Include="..\private\Bounding.cpp">
      <Filter>01.Utility\04.Components\Collider\Bounding</Filter>
    </ClCompile>
    <ClCompile Include="..\private\Bounding_OBB.cpp">
      <Filter>01.Utility\04.Components\Collider\Bounding\OBB</Filter>
    </ClCompile>
    <ClCompile Include="..\private\Bounding_Sphere.cpp">
      <Filter>01.Utility\04.Components\Collider\Bounding\Sphere</Filter>
    </ClCompile>
    <ClCompile Include="..\private\VIBuffer_Particle_Instancing.cpp">
      <Filter>01.Utility\04.Components\VIBuffer\Particle_Instancing</Filter>
    </ClCompile>
    <ClCompile Include="..\private\VIBuffer_Rect_Instancing.cpp">
      <Filter>01.Utility\04.Components\VIBuffer\Particle_Instancing\Rect</Filter>
    </ClCompile>
    <ClCompile Include="..\private\VIBuffer_Point_Instancing.cpp">
      <Filter>01.Utility\04.Components\VIBuffer\Particle_Instancing\Point</Filter>
    </ClCompile>
    <ClCompile Include="..\private\RenderTarget.cpp">
      <Filter>01.Utility\09.RenderTargets</Filter>
    </ClCompile>
    <ClCompile Include="..\private\Target_Manager.cpp">
      <Filter>01.Utility\09.RenderTargets\Manager</Filter>
    </ClCompile>
    <ClCompile Include="..\private\VIBuffer_Cube.cpp">
      <Filter>01.Utility\04.Components\VIBuffer\Cube</Filter>
    </ClCompile>
    <ClCompile Include="..\private\CollisionMgr.cpp">
      <Filter>01.Utility\04.Components\Collider\Manager</Filter>
    </ClCompile>
    <ClCompile Include="..\private\EventMgr.cpp">
      <Filter>01.Utility\10.EventMgr</Filter>
    </ClCompile>
    <ClCompile Include="..\private\Event.cpp">
      <Filter>01.Utility\10.EventMgr\Event</Filter>
    </ClCompile>
    <ClCompile Include="..\private\SwordTrail_Buffer.cpp">
      <Filter>01.Utility\04.Components\VIBuffer\SwordTrail_Buffer</Filter>
    </ClCompile>
    <ClCompile Include="..\private\VIBuffer_Mesh_Instancing.cpp">
      <Filter>01.Utility\04.Components\VIBuffer\Particle_Instancing\Mesh</Filter>
    </ClCompile>
    <ClCompile Include="..\private\SoundMgr.cpp">
      <Filter>01.Utility\12.SoundMgr</Filter>
    </ClCompile>
    <ClCompile Include="..\private\Font_Manager.cpp">
      <Filter>01.Utility\13.Fonts\Manager</Filter>
    </ClCompile>
    <ClCompile Include="..\private\CustomFont.cpp">
      <Filter>01.Utility\13.Fonts</Filter>
    </ClCompile>
    <ClCompile Include="..\private\Frustum.cpp">
      <Filter>01.Utility\14.Frustum</Filter>
    </ClCompile>
    <ClCompile Include="..\private\VIBuffer_Effect_Rect_Instancing.cpp">
      <Filter>01.Utility\04.Components\VIBuffer\Particle_Instancing\Rect\Effect_Rect_Instancing</Filter>
    </ClCompile>
    <ClCompile Include="..\private\Shadow.cpp">
      <Filter>01.Utility\16.Shadow</Filter>
    </ClCompile>
    <ClCompile Include="..\Private\UI_Button.cpp">
      <Filter>01.Utility\03.GameObject\UIObject\ThymesiaUI\Button</Filter>
    </ClCompile>
    <ClCompile Include="..\Private\UI_Image.cpp">
      <Filter>01.Utility\03.GameObject\UIObject\ThymesiaUI\Image</Filter>
    </ClCompile>
    <ClCompile Include="..\Private\UI_Manager.cpp">
      <Filter>01.Utility\03.GameObject\UIObject\Manager</Filter>
    </ClCompile>
    <ClCompile Include="..\Private\UI_Scene.cpp">
      <Filter>01.Utility\03.GameObject\UIObject\Manager\Scene</Filter>
    </ClCompile>
    <ClCompile Include="..\Private\VIBuffer_Point_Compute.cpp">
      <Filter>01.Utility\04.Components\VIBuffer\Compute_Particle</Filter>
    </ClCompile>
    <ClCompile Include="..\Private\Shader_Compute.cpp">
      <Filter>01.Utility\04.Components\Shader\Shader_Compute</Filter>
    </ClCompile>
    <ClCompile Include="..\Private\UI_Text.cpp">
      <Filter>01.Utility\03.GameObject\UIObject\ThymesiaUI\Text</Filter>
    </ClCompile>
    <ClCompile Include="..\private\PhysX_Manager.cpp">
      <Filter>01.Utility\98.PhysX\Manager</Filter>
    </ClCompile>
    <ClCompile Include="..\private\PhysX_SimulationEventCallBack.cpp">
      <Filter>01.Utility\98.PhysX\SimulationEvent</Filter>
    </ClCompile>
    <ClCompile Include="..\Private\TriggerManager.cpp">
      <Filter>01.Utility\17.TriggerMgr\TriggerManager</Filter>
    </ClCompile>
    <ClCompile Include="..\Private\Trigger.cpp">
      <Filter>01.Utility\17.TriggerMgr</Filter>
    </ClCompile>
    <ClCompile Include="..\private\ItemMgr.cpp">
      <Filter>01.Utility\15.ItemMgr\ItemManager</Filter>
    </ClCompile>
    <ClCompile Include="..\Private\Item.cpp">
      <Filter>01.Utility\15.ItemMgr</Filter>
    </ClCompile>
    <ClCompile Include="..\private\EffectMgr.cpp">
      <Filter>01.Utility\11.Effect\Manager</Filter>
    </ClCompile>
    <ClCompile Include="..\Private\Effect.cpp">
      <Filter>01.Utility\11.Effect</Filter>
    </ClCompile>
    <ClCompile Include="..\Private\Shader_Compute_Deferred.cpp">
      <Filter>01.Utility\04.Components\Shader\Shader_Compute_Deferred</Filter>
    </ClCompile>
    <ClCompile Include="..\private\Light.cpp">
      <Filter>01.Utility\07.Lights\Static_Light</Filter>
    </ClCompile>
    <ClCompile Include="..\Private\Light_Dynamic.cpp">
      <Filter>01.Utility\07.Lights\Dynamic_Light</Filter>
    </ClCompile>
    <ClCompile Include="..\Private\Monster_Manager.cpp">
      <Filter>01.Utility\03.GameObject\Monster\Manager</Filter>
    </ClCompile>
    <ClCompile Include="..\Private\Monster.cpp">
      <Filter>01.Utility\03.GameObject\Monster</Filter>
    </ClCompile>
    <ClCompile Include="..\Private\Projectile.cpp">
      <Filter>01.Utility\03.GameObject\Projectile</Filter>
    </ClCompile>
    <ClCompile Include="..\Private\Projectile_Manager.cpp">
      <Filter>01.Utility\03.GameObject\Projectile\Manager</Filter>
    </ClCompile>
    <ClCompile Include="..\private\Edge_Cell.cpp">
      <Filter>01.Utility\04.Components\Navigation\Edge_Cell</Filter>
    </ClCompile>
    <ClCompile Include="..\private\VIBuffer_Edge_Cell.cpp">
      <Filter>01.Utility\04.Components\VIBuffer\EdgeCell</Filter>
    </ClCompile>
    <ClCompile Include="..\private\UIObject.cpp">
      <Filter>01.Utility\03.GameObject\UIObject</Filter>
    </ClCompile>
    <ClCompile Include="..\Private\RippleManager.cpp">
      <Filter>01.Utility\18.Ripple</Filter>
    </ClCompile>
  </ItemGroup>
  <ItemGroup>
    <FxCompile Include="..\Bin\ShaderFiles\Shader_Cell.hlsl">
      <Filter>98.ShaderFile</Filter>
    </FxCompile>
    <FxCompile Include="..\Bin\ShaderFiles\Shader_Deferred.hlsl">
      <Filter>98.ShaderFile</Filter>
    </FxCompile>
    <FxCompile Include="..\Bin\ShaderFiles\Shader_Compute.hlsl">
      <Filter>98.ShaderFile</Filter>
    </FxCompile>
    <FxCompile Include="..\Bin\ShaderFiles\Shader_Shadow.hlsl">
      <Filter>98.ShaderFile</Filter>
    </FxCompile>
    <FxCompile Include="..\Bin\ShaderFiles\Shader_Compute_Sample.hlsl">
      <Filter>98.ShaderFile</Filter>
    </FxCompile>
    <FxCompile Include="..\Bin\ShaderFiles\Shader_Compute_Fog.hlsl">
      <Filter>98.ShaderFile</Filter>
    </FxCompile>
  </ItemGroup>
  <ItemGroup>
    <None Include="..\Bin\ShaderFiles\Engine_Shader_Defines.hlsli">
      <Filter>98.ShaderFile</Filter>
    </None>
  </ItemGroup>
</Project>